
Microsoft Visual Studio Solution File, Format Version 12.00
# Visual Studio Version 17
VisualStudioVersion = 17.12.35707.178
MinimumVisualStudioVersion = 10.0.40219.1
Project("{FAE04EC0-301F-11D3-BF4B-00C04F79EFBC}") = "CCL.Domain", "CCL.Domain\CCL.Domain\CCL.Domain.csproj", "{C19FBFA9-3199-4510-98A5-F9994962F32B}"
EndProject
Project("{2150E333-8FDC-42A3-9474-1A3956D46DE8}") = "src", "src", "{F40DA3C6-DBB2-4000-AEAC-3BEF5FE1ABD8}"
EndProject
Project("{FAE04EC0-301F-11D3-BF4B-00C04F79EFBC}") = "CCL.Infrastructure", "CCL.Infrastructure\CCL.Infrastructure.csproj", "{A0ACE014-EB5F-44AD-8B9C-1C9C334F6DB1}"
EndProject
Project("{FAE04EC0-301F-11D3-BF4B-00C04F79EFBC}") = "CCL.Application", "CCL.Application\CCL.Application.csproj", "{1BF2E49E-1217-4543-9190-CBF12FE4AFF9}"
EndProject
Project("{FAE04EC0-301F-11D3-BF4B-00C04F79EFBC}") = "CCL.API", "CCL.API\CCL.API.csproj", "{974917E5-F5CD-4BF9-8C68-3C9422FAB104}"
EndProject
Project("{2150E333-8FDC-42A3-9474-1A3956D46DE8}") = "tests", "tests", "{A0DEE6A4-481D-46C5-9474-7A1C601A576D}"
EndProject
Project("{FAE04EC0-301F-11D3-BF4B-00C04F79EFBC}") = "CCL.APITests", "..\..\tests\CCL.APITests\CCL.APITests.csproj", "{ECA063DB-3829-467C-B06E-0CC55BA14F97}"
EndProject
Project("{FAE04EC0-301F-11D3-BF4B-00C04F79EFBC}") = "CCL.UI", "CCL.UI\CCL.UI.csproj", "{65E838A3-0530-4FE1-B671-B32E9BE9439C}"
EndProject
Global
	GlobalSection(SolutionConfigurationPlatforms) = preSolution
		Debug|Any CPU = Debug|Any CPU
		Release|Any CPU = Release|Any CPU
	EndGlobalSection
	GlobalSection(ProjectConfigurationPlatforms) = postSolution
		{C19FBFA9-3199-4510-98A5-F9994962F32B}.Debug|Any CPU.ActiveCfg = Debug|Any CPU
		{C19FBFA9-3199-4510-98A5-F9994962F32B}.Debug|Any CPU.Build.0 = Debug|Any CPU
		{C19FBFA9-3199-4510-98A5-F9994962F32B}.Release|Any CPU.ActiveCfg = Release|Any CPU
		{C19FBFA9-3199-4510-98A5-F9994962F32B}.Release|Any CPU.Build.0 = Release|Any CPU
		{A0ACE014-EB5F-44AD-8B9C-1C9C334F6DB1}.Debug|Any CPU.ActiveCfg = Debug|Any CPU
		{A0ACE014-EB5F-44AD-8B9C-1C9C334F6DB1}.Debug|Any CPU.Build.0 = Debug|Any CPU
		{A0ACE014-EB5F-44AD-8B9C-1C9C334F6DB1}.Release|Any CPU.ActiveCfg = Release|Any CPU
		{A0ACE014-EB5F-44AD-8B9C-1C9C334F6DB1}.Release|Any CPU.Build.0 = Release|Any CPU
		{1BF2E49E-1217-4543-9190-CBF12FE4AFF9}.Debug|Any CPU.ActiveCfg = Debug|Any CPU
		{1BF2E49E-1217-4543-9190-CBF12FE4AFF9}.Debug|Any CPU.Build.0 = Debug|Any CPU
		{1BF2E49E-1217-4543-9190-CBF12FE4AFF9}.Release|Any CPU.ActiveCfg = Release|Any CPU
		{1BF2E49E-1217-4543-9190-CBF12FE4AFF9}.Release|Any CPU.Build.0 = Release|Any CPU
		{974917E5-F5CD-4BF9-8C68-3C9422FAB104}.Debug|Any CPU.ActiveCfg = Debug|Any CPU
		{974917E5-F5CD-4BF9-8C68-3C9422FAB104}.Debug|Any CPU.Build.0 = Debug|Any CPU
		{974917E5-F5CD-4BF9-8C68-3C9422FAB104}.Release|Any CPU.ActiveCfg = Release|Any CPU
		{974917E5-F5CD-4BF9-8C68-3C9422FAB104}.Release|Any CPU.Build.0 = Release|Any CPU
		{ECA063DB-3829-467C-B06E-0CC55BA14F97}.Debug|Any CPU.ActiveCfg = Debug|Any CPU
		{ECA063DB-3829-467C-B06E-0CC55BA14F97}.Debug|Any CPU.Build.0 = Debug|Any CPU
		{ECA063DB-3829-467C-B06E-0CC55BA14F97}.Release|Any CPU.ActiveCfg = Release|Any CPU
		{ECA063DB-3829-467C-B06E-0CC55BA14F97}.Release|Any CPU.Build.0 = Release|Any CPU
		{65E838A3-0530-4FE1-B671-B32E9BE9439C}.Debug|Any CPU.ActiveCfg = Debug|Any CPU
		{65E838A3-0530-4FE1-B671-B32E9BE9439C}.Debug|Any CPU.Build.0 = Debug|Any CPU
		{65E838A3-0530-4FE1-B671-B32E9BE9439C}.Release|Any CPU.ActiveCfg = Release|Any CPU
		{65E838A3-0530-4FE1-B671-B32E9BE9439C}.Release|Any CPU.Build.0 = Release|Any CPU
	EndGlobalSection
	GlobalSection(SolutionProperties) = preSolution
		HideSolutionNode = FALSE
	EndGlobalSection
	GlobalSection(NestedProjects) = preSolution
		{C19FBFA9-3199-4510-98A5-F9994962F32B} = {F40DA3C6-DBB2-4000-AEAC-3BEF5FE1ABD8}
		{A0ACE014-EB5F-44AD-8B9C-1C9C334F6DB1} = {F40DA3C6-DBB2-4000-AEAC-3BEF5FE1ABD8}
		{1BF2E49E-1217-4543-9190-CBF12FE4AFF9} = {F40DA3C6-DBB2-4000-AEAC-3BEF5FE1ABD8}
		{974917E5-F5CD-4BF9-8C68-3C9422FAB104} = {F40DA3C6-DBB2-4000-AEAC-3BEF5FE1ABD8}
		{ECA063DB-3829-467C-B06E-0CC55BA14F97} = {A0DEE6A4-481D-46C5-9474-7A1C601A576D}
		{65E838A3-0530-4FE1-B671-B32E9BE9439C} = {F40DA3C6-DBB2-4000-AEAC-3BEF5FE1ABD8}
	EndGlobalSection
EndGlobal
